schema: '2.0'
stages:
  data_ingestion:
    cmd: python src/components/data_ingestion.py
    deps:
    - path: src/components/data_ingestion.py
      hash: md5
      md5: d3b41f51b201b5dd091ace2187739410
      size: 3051
    outs:
    - path: artifacts/raw
      hash: md5
      md5: 41e12c3b900664cb1ef716e6b8e81910.dir
      size: 1956831
      nfiles: 3
  data_preprocessing:
    cmd: python src/components/data_preprocessing.py
    deps:
    - path: artifacts/raw
      hash: md5
      md5: 41e12c3b900664cb1ef716e6b8e81910.dir
      size: 1956831
      nfiles: 3
    - path: src/components/data_preprocessing.py
      hash: md5
      md5: a9579c2de44fae477dedd4d595e3790f
      size: 6337
    outs:
    - path: artifacts/processed
      hash: md5
      md5: 6d224906780782add0225fcaa6551d58.dir
      size: 1592068
      nfiles: 2
  model_trainer:
    cmd: python src/components/model_trainer.py
    deps:
    - path: artifacts/processed
      hash: md5
      md5: 6d224906780782add0225fcaa6551d58.dir
      size: 1592068
      nfiles: 2
    - path: src/components/model_trainer.py
      hash: md5
      md5: f82c9d79272c98b8049d68df47f4d92f
      size: 3421
    outs:
    - path: artifacts/models
      hash: md5
      md5: adb7d85cef29af973c6a865d8f67739a.dir
      size: 2730
      nfiles: 1
  model_evaluation:
    cmd: python src/components/model_evaluation.py
    deps:
    - path: artifacts/processed
      hash: md5
      md5: 6d224906780782add0225fcaa6551d58.dir
      size: 1592068
      nfiles: 2
    - path: src/components/model_evaluation.py
      hash: md5
      md5: f75ae7acc6623becc6ed003b0a408893
      size: 3476
